// !$*UTF8*$!
{
	archiveVersion = 1;
	classes = {
	};
	objectVersion = 55;
	objects = {

/* Begin PBXBuildFile section */
		D356506F29F2A79A0034B387 /* addressViewController.swift in Sources */ = {isa = PBXBuildFile; fileRef = D356506E29F2A79A0034B387 /* addressViewController.swift */; };
		D356507129F2B0970034B387 /* UIButton.swift in Sources */ = {isa = PBXBuildFile; fileRef = D356507029F2B0970034B387 /* UIButton.swift */; };
		D356507329F2B3160034B387 /* addressModel.swift in Sources */ = {isa = PBXBuildFile; fileRef = D356507229F2B3160034B387 /* addressModel.swift */; };
		D3AAE5A129F414D0005BB243 /* UIVViewController-SLPopup.swift in Sources */ = {isa = PBXBuildFile; fileRef = D3AAE5A029F414D0005BB243 /* UIVViewController-SLPopup.swift */; };
		D3AAE5A629F4153D005BB243 /* ListAddressPopupViewController.swift in Sources */ = {isa = PBXBuildFile; fileRef = D3AAE5A429F4153D005BB243 /* ListAddressPopupViewController.swift */; };
		D3AAE5A729F4153D005BB243 /* ListAddressPopupViewController.xib in Resources */ = {isa = PBXBuildFile; fileRef = D3AAE5A529F4153D005BB243 /* ListAddressPopupViewController.xib */; };
		D3AAE5AC29F42471005BB243 /* addressCell.swift in Sources */ = {isa = PBXBuildFile; fileRef = D3AAE5AA29F42471005BB243 /* addressCell.swift */; };
		D3AAE5AD29F42471005BB243 /* addressCell.xib in Resources */ = {isa = PBXBuildFile; fileRef = D3AAE5AB29F42471005BB243 /* addressCell.xib */; };
		D3D21CD729F19205003901FB /* checkcoutViewController.swift in Sources */ = {isa = PBXBuildFile; fileRef = D3D21CD629F19205003901FB /* checkcoutViewController.swift */; };
		D3DA57FC29F4417300C575D9 /* localAuthentication.swift in Sources */ = {isa = PBXBuildFile; fileRef = D3DA57FB29F4417300C575D9 /* localAuthentication.swift */; };
		D3DA57FE29F4446200C575D9 /* UIViewController.swift in Sources */ = {isa = PBXBuildFile; fileRef = D3DA57FD29F4446200C575D9 /* UIViewController.swift */; };
		D3DA580029F4448F00C575D9 /* messageModel.swift in Sources */ = {isa = PBXBuildFile; fileRef = D3DA57FF29F4448F00C575D9 /* messageModel.swift */; };
		D3F4090929F15159004B389F /* AppDelegate.swift in Sources */ = {isa = PBXBuildFile; fileRef = D3F4090829F15159004B389F /* AppDelegate.swift */; };
		D3F4090D29F15159004B389F /* CartViewController.swift in Sources */ = {isa = PBXBuildFile; fileRef = D3F4090C29F15159004B389F /* CartViewController.swift */; };
		D3F4091029F15159004B389F /* CartView.storyboard in Resources */ = {isa = PBXBuildFile; fileRef = D3F4090E29F15159004B389F /* CartView.storyboard */; };
		D3F4091229F1515B004B389F /* Assets.xcassets in Resources */ = {isa = PBXBuildFile; fileRef = D3F4091129F1515B004B389F /* Assets.xcassets */; };
		D3F4091529F1515B004B389F /* LaunchScreen.storyboard in Resources */ = {isa = PBXBuildFile; fileRef = D3F4091329F1515B004B389F /* LaunchScreen.storyboard */; };
		D3F4092D29F15483004B389F /* SFPRODISPLAYSEMIBOLDITALIC.OTF in Resources */ = {isa = PBXBuildFile; fileRef = D3F4092429F15483004B389F /* SFPRODISPLAYSEMIBOLDITALIC.OTF */; };
		D3F4092E29F15483004B389F /* SFPRODISPLAYHEAVYITALIC.OTF in Resources */ = {isa = PBXBuildFile; fileRef = D3F4092529F15483004B389F /* SFPRODISPLAYHEAVYITALIC.OTF */; };
		D3F4092F29F15483004B389F /* SFPRODISPLAYLIGHTITALIC.OTF in Resources */ = {isa = PBXBuildFile; fileRef = D3F4092629F15483004B389F /* SFPRODISPLAYLIGHTITALIC.OTF */; };
		D3F4093029F15483004B389F /* SFPRODISPLAYBLACKITALIC.OTF in Resources */ = {isa = PBXBuildFile; fileRef = D3F4092729F15483004B389F /* SFPRODISPLAYBLACKITALIC.OTF */; };
		D3F4093129F15483004B389F /* SFPRODISPLAYREGULAR.OTF in Resources */ = {isa = PBXBuildFile; fileRef = D3F4092829F15483004B389F /* SFPRODISPLAYREGULAR.OTF */; };
		D3F4093229F15483004B389F /* SFPRODISPLAYTHINITALIC.OTF in Resources */ = {isa = PBXBuildFile; fileRef = D3F4092929F15483004B389F /* SFPRODISPLAYTHINITALIC.OTF */; };
		D3F4093329F15483004B389F /* SFPRODISPLAYBOLD.OTF in Resources */ = {isa = PBXBuildFile; fileRef = D3F4092A29F15483004B389F /* SFPRODISPLAYBOLD.OTF */; };
		D3F4093429F15483004B389F /* SFPRODISPLAYMEDIUM.OTF in Resources */ = {isa = PBXBuildFile; fileRef = D3F4092B29F15483004B389F /* SFPRODISPLAYMEDIUM.OTF */; };
		D3F4093529F15483004B389F /* SFPRODISPLAYULTRALIGHTITALIC.OTF in Resources */ = {isa = PBXBuildFile; fileRef = D3F4092C29F15483004B389F /* SFPRODISPLAYULTRALIGHTITALIC.OTF */; };
		D3F4093A29F15CA3004B389F /* productsCell.swift in Sources */ = {isa = PBXBuildFile; fileRef = D3F4093829F15CA3004B389F /* productsCell.swift */; };
		D3F4093B29F15CA3004B389F /* productsCell.xib in Resources */ = {isa = PBXBuildFile; fileRef = D3F4093929F15CA3004B389F /* productsCell.xib */; };
		D3F4093E29F162E4004B389F /* UIView.swift in Sources */ = {isa = PBXBuildFile; fileRef = D3F4093D29F162E4004B389F /* UIView.swift */; };
		D3F4094029F1650D004B389F /* cartModel.swift in Sources */ = {isa = PBXBuildFile; fileRef = D3F4093F29F1650D004B389F /* cartModel.swift */; };
/* End PBXBuildFile section */

/* Begin PBXFileReference section */
		D356506E29F2A79A0034B387 /* addressViewController.swift */ = {isa = PBXFileReference; lastKnownFileType = sourcecode.swift; path = addressViewController.swift; sourceTree = "<group>"; };
		D356507029F2B0970034B387 /* UIButton.swift */ = {isa = PBXFileReference; lastKnownFileType = sourcecode.swift; path = UIButton.swift; sourceTree = "<group>"; };
		D356507229F2B3160034B387 /* addressModel.swift */ = {isa = PBXFileReference; lastKnownFileType = sourcecode.swift; path = addressModel.swift; sourceTree = "<group>"; };
		D3AAE5A029F414D0005BB243 /* UIVViewController-SLPopup.swift */ = {isa = PBXFileReference; fileEncoding = 4; lastKnownFileType = sourcecode.swift; path = "UIVViewController-SLPopup.swift"; sourceTree = "<group>"; };
		D3AAE5A429F4153D005BB243 /* ListAddressPopupViewController.swift */ = {isa = PBXFileReference; lastKnownFileType = sourcecode.swift; path = ListAddressPopupViewController.swift; sourceTree = "<group>"; };
		D3AAE5A529F4153D005BB243 /* ListAddressPopupViewController.xib */ = {isa = PBXFileReference; lastKnownFileType = file.xib; path = ListAddressPopupViewController.xib; sourceTree = "<group>"; };
		D3AAE5AA29F42471005BB243 /* addressCell.swift */ = {isa = PBXFileReference; lastKnownFileType = sourcecode.swift; name = addressCell.swift; path = "touchId/Cart Screen/Cells/addressCell/addressCell.swift"; sourceTree = SOURCE_ROOT; };
		D3AAE5AB29F42471005BB243 /* addressCell.xib */ = {isa = PBXFileReference; lastKnownFileType = file.xib; name = addressCell.xib; path = "touchId/Cart Screen/Cells/addressCell/addressCell.xib"; sourceTree = SOURCE_ROOT; };
		D3D21CD629F19205003901FB /* checkcoutViewController.swift */ = {isa = PBXFileReference; lastKnownFileType = sourcecode.swift; path = checkcoutViewController.swift; sourceTree = "<group>"; };
		D3DA57FB29F4417300C575D9 /* localAuthentication.swift */ = {isa = PBXFileReference; lastKnownFileType = sourcecode.swift; path = localAuthentication.swift; sourceTree = "<group>"; };
		D3DA57FD29F4446200C575D9 /* UIViewController.swift */ = {isa = PBXFileReference; lastKnownFileType = sourcecode.swift; path = UIViewController.swift; sourceTree = "<group>"; };
		D3DA57FF29F4448F00C575D9 /* messageModel.swift */ = {isa = PBXFileReference; lastKnownFileType = sourcecode.swift; path = messageModel.swift; sourceTree = "<group>"; };
		D3F4090529F15159004B389F /* touchId.app */ = {isa = PBXFileReference; explicitFileType = wrapper.application; includeInIndex = 0; path = touchId.app; sourceTree = BUILT_PRODUCTS_DIR; };
		D3F4090829F15159004B389F /* AppDelegate.swift */ = {isa = PBXFileReference; lastKnownFileType = sourcecode.swift; path = AppDelegate.swift; sourceTree = "<group>"; };
		D3F4090C29F15159004B389F /* CartViewController.swift */ = {isa = PBXFileReference; lastKnownFileType = sourcecode.swift; path = CartViewController.swift; sourceTree = "<group>"; };
		D3F4090F29F15159004B389F /* Base */ = {isa = PBXFileReference; lastKnownFileType = file.storyboard; name = Base; path = Base.lproj/CartView.storyboard; sourceTree = "<group>"; };
		D3F4091129F1515B004B389F /* Assets.xcassets */ = {isa = PBXFileReference; lastKnownFileType = folder.assetcatalog; path = Assets.xcassets; sourceTree = "<group>"; };
		D3F4091429F1515B004B389F /* Base */ = {isa = PBXFileReference; lastKnownFileType = file.storyboard; name = Base; path = Base.lproj/LaunchScreen.storyboard; sourceTree = "<group>"; };
		D3F4091629F1515B004B389F /* Info.plist */ = {isa = PBXFileReference; lastKnownFileType = text.plist.xml; path = Info.plist; sourceTree = "<group>"; };
		D3F4092429F15483004B389F /* SFPRODISPLAYSEMIBOLDITALIC.OTF */ = {isa = PBXFileReference; lastKnownFileType = file; path = SFPRODISPLAYSEMIBOLDITALIC.OTF; sourceTree = "<group>"; };
		D3F4092529F15483004B389F /* SFPRODISPLAYHEAVYITALIC.OTF */ = {isa = PBXFileReference; lastKnownFileType = file; path = SFPRODISPLAYHEAVYITALIC.OTF; sourceTree = "<group>"; };
		D3F4092629F15483004B389F /* SFPRODISPLAYLIGHTITALIC.OTF */ = {isa = PBXFileReference; lastKnownFileType = file; path = SFPRODISPLAYLIGHTITALIC.OTF; sourceTree = "<group>"; };
		D3F4092729F15483004B389F /* SFPRODISPLAYBLACKITALIC.OTF */ = {isa = PBXFileReference; lastKnownFileType = file; path = SFPRODISPLAYBLACKITALIC.OTF; sourceTree = "<group>"; };
		D3F4092829F15483004B389F /* SFPRODISPLAYREGULAR.OTF */ = {isa = PBXFileReference; lastKnownFileType = file; path = SFPRODISPLAYREGULAR.OTF; sourceTree = "<group>"; };
		D3F4092929F15483004B389F /* SFPRODISPLAYTHINITALIC.OTF */ = {isa = PBXFileReference; lastKnownFileType = file; path = SFPRODISPLAYTHINITALIC.OTF; sourceTree = "<group>"; };
		D3F4092A29F15483004B389F /* SFPRODISPLAYBOLD.OTF */ = {isa = PBXFileReference; lastKnownFileType = file; path = SFPRODISPLAYBOLD.OTF; sourceTree = "<group>"; };
		D3F4092B29F15483004B389F /* SFPRODISPLAYMEDIUM.OTF */ = {isa = PBXFileReference; lastKnownFileType = file; path = SFPRODISPLAYMEDIUM.OTF; sourceTree = "<group>"; };
		D3F4092C29F15483004B389F /* SFPRODISPLAYULTRALIGHTITALIC.OTF */ = {isa = PBXFileReference; lastKnownFileType = file; path = SFPRODISPLAYULTRALIGHTITALIC.OTF; sourceTree = "<group>"; };
		D3F4093829F15CA3004B389F /* productsCell.swift */ = {isa = PBXFileReference; lastKnownFileType = sourcecode.swift; path = productsCell.swift; sourceTree = "<group>"; };
		D3F4093929F15CA3004B389F /* productsCell.xib */ = {isa = PBXFileReference; lastKnownFileType = file.xib; path = productsCell.xib; sourceTree = "<group>"; };
		D3F4093D29F162E4004B389F /* UIView.swift */ = {isa = PBXFileReference; lastKnownFileType = sourcecode.swift; path = UIView.swift; sourceTree = "<group>"; };
		D3F4093F29F1650D004B389F /* cartModel.swift */ = {isa = PBXFileReference; lastKnownFileType = sourcecode.swift; path = cartModel.swift; sourceTree = "<group>"; };
/* End PBXFileReference section */

/* Begin PBXFrameworksBuildPhase section */
		D3F4090229F15159004B389F /* Frameworks */ = {
			isa = PBXFrameworksBuildPhase;
			buildActionMask = 2147483647;
			files = (
			);
			runOnlyForDeploymentPostprocessing = 0;
		};
/* End PBXFrameworksBuildPhase section */

/* Begin PBXGroup section */
		D356507429F2BD050034B387 /* custom Alert */ = {
			isa = PBXGroup;
			children = (
				D3AAE5A429F4153D005BB243 /* ListAddressPopupViewController.swift */,
				D3AAE5A529F4153D005BB243 /* ListAddressPopupViewController.xib */,
			);
			path = "custom Alert";
			sourceTree = "<group>";
		};
		D3AAE5A829F42406005BB243 /* productCell */ = {
			isa = PBXGroup;
			children = (
				D3F4093829F15CA3004B389F /* productsCell.swift */,
				D3F4093929F15CA3004B389F /* productsCell.xib */,
			);
			path = productCell;
			sourceTree = "<group>";
		};
		D3AAE5A929F42414005BB243 /* addressCell */ = {
			isa = PBXGroup;
			children = (
				D3AAE5AA29F42471005BB243 /* addressCell.swift */,
				D3AAE5AB29F42471005BB243 /* addressCell.xib */,
			);
			path = addressCell;
			sourceTree = "<group>";
		};
		D3F408FC29F15159004B389F = {
			isa = PBXGroup;
			children = (
				D3F4090729F15159004B389F /* touchId */,
				D3F4090629F15159004B389F /* Products */,
			);
			sourceTree = "<group>";
		};
		D3F4090629F15159004B389F /* Products */ = {
			isa = PBXGroup;
			children = (
				D3F4090529F15159004B389F /* touchId.app */,
			);
			name = Products;
			sourceTree = "<group>";
		};
		D3F4090729F15159004B389F /* touchId */ = {
			isa = PBXGroup;
			children = (
				D3F4091C29F15187004B389F /* AppDelegate */,
				D3F4092029F151B2004B389F /* launch screen */,
				D3F4092229F151CE004B389F /* Models */,
				D3F4091D29F15193004B389F /* Cart Screen */,
				D3F4092129F151C2004B389F /* Assists */,
				D3F4093C29F162D3004B389F /* Extensions + UICustoms */,
			);
			path = touchId;
			sourceTree = "<group>";
		};
		D3F4091C29F15187004B389F /* AppDelegate */ = {
			isa = PBXGroup;
			children = (
				D3F4090829F15159004B389F /* AppDelegate.swift */,
			);
			path = AppDelegate;
			sourceTree = "<group>";
		};
		D3F4091D29F15193004B389F /* Cart Screen */ = {
			isa = PBXGroup;
			children = (
				D3F4091E29F151A0004B389F /* Controller */,
				D3F4091F29F151AC004B389F /* Views */,
				D3F4093729F15C80004B389F /* Cells */,
				D356507429F2BD050034B387 /* custom Alert */,
			);
			path = "Cart Screen";
			sourceTree = "<group>";
		};
		D3F4091E29F151A0004B389F /* Controller */ = {
			isa = PBXGroup;
			children = (
				D3F4090C29F15159004B389F /* CartViewController.swift */,
				D3D21CD629F19205003901FB /* checkcoutViewController.swift */,
				D356506E29F2A79A0034B387 /* addressViewController.swift */,
			);
			path = Controller;
			sourceTree = "<group>";
		};
		D3F4091F29F151AC004B389F /* Views */ = {
			isa = PBXGroup;
			children = (
				D3F4090E29F15159004B389F /* CartView.storyboard */,
			);
			path = Views;
			sourceTree = "<group>";
		};
		D3F4092029F151B2004B389F /* launch screen */ = {
			isa = PBXGroup;
			children = (
				D3F4091329F1515B004B389F /* LaunchScreen.storyboard */,
			);
			path = "launch screen";
			sourceTree = "<group>";
		};
		D3F4092129F151C2004B389F /* Assists */ = {
			isa = PBXGroup;
			children = (
				D3F4091129F1515B004B389F /* Assets.xcassets */,
				D3F4091629F1515B004B389F /* Info.plist */,
				D3F4093629F15488004B389F /* Fonts */,
			);
			path = Assists;
			sourceTree = "<group>";
		};
		D3F4092229F151CE004B389F /* Models */ = {
			isa = PBXGroup;
			children = (
				D3F4093F29F1650D004B389F /* cartModel.swift */,
				D356507229F2B3160034B387 /* addressModel.swift */,
				D3DA57FF29F4448F00C575D9 /* messageModel.swift */,
			);
			path = Models;
			sourceTree = "<group>";
		};
		D3F4092329F15483004B389F /* sf-pro-display-cufonfonts */ = {
			isa = PBXGroup;
			children = (
				D3F4092429F15483004B389F /* SFPRODISPLAYSEMIBOLDITALIC.OTF */,
				D3F4092529F15483004B389F /* SFPRODISPLAYHEAVYITALIC.OTF */,
				D3F4092629F15483004B389F /* SFPRODISPLAYLIGHTITALIC.OTF */,
				D3F4092729F15483004B389F /* SFPRODISPLAYBLACKITALIC.OTF */,
				D3F4092829F15483004B389F /* SFPRODISPLAYREGULAR.OTF */,
				D3F4092929F15483004B389F /* SFPRODISPLAYTHINITALIC.OTF */,
				D3F4092A29F15483004B389F /* SFPRODISPLAYBOLD.OTF */,
				D3F4092B29F15483004B389F /* SFPRODISPLAYMEDIUM.OTF */,
				D3F4092C29F15483004B389F /* SFPRODISPLAYULTRALIGHTITALIC.OTF */,
			);
			path = "sf-pro-display-cufonfonts";
			sourceTree = "<group>";
		};
		D3F4093629F15488004B389F /* Fonts */ = {
			isa = PBXGroup;
			children = (
				D3F4092329F15483004B389F /* sf-pro-display-cufonfonts */,
			);
			path = Fonts;
			sourceTree = "<group>";
		};
		D3F4093729F15C80004B389F /* Cells */ = {
			isa = PBXGroup;
			children = (
				D3AAE5A929F42414005BB243 /* addressCell */,
				D3AAE5A829F42406005BB243 /* productCell */,
			);
			path = Cells;
			sourceTree = "<group>";
		};
		D3F4093C29F162D3004B389F /* Extensions + UICustoms */ = {
			isa = PBXGroup;
			children = (
				D3F4093D29F162E4004B389F /* UIView.swift */,
				D356507029F2B0970034B387 /* UIButton.swift */,
				D3AAE5A029F414D0005BB243 /* UIVViewController-SLPopup.swift */,
				D3DA57FB29F4417300C575D9 /* localAuthentication.swift */,
				D3DA57FD29F4446200C575D9 /* UIViewController.swift */,
			);
			path = "Extensions + UICustoms";
			sourceTree = "<group>";
		};
/* End PBXGroup section */

/* Begin PBXNativeTarget section */
		D3F4090429F15159004B389F /* touchId */ = {
			isa = PBXNativeTarget;
			buildConfigurationList = D3F4091929F1515B004B389F /* Build configuration list for PBXNativeTarget "touchId" */;
			buildPhases = (
				D3F4090129F15159004B389F /* Sources */,
				D3F4090229F15159004B389F /* Frameworks */,
				D3F4090329F15159004B389F /* Resources */,
			);
			buildRules = (
			);
			dependencies = (
			);
			name = touchId;
			productName = touchId;
			productReference = D3F4090529F15159004B389F /* touchId.app */;
			productType = "com.apple.product-type.application";
		};
/* End PBXNativeTarget section */

/* Begin PBXProject section */
		D3F408FD29F15159004B389F /* Project object */ = {
			isa = PBXProject;
			attributes = {
				BuildIndependentTargetsInParallel = 1;
				LastSwiftUpdateCheck = 1330;
				LastUpgradeCheck = 1330;
				TargetAttributes = {
					D3F4090429F15159004B389F = {
						CreatedOnToolsVersion = 13.3;
					};
				};
			};
			buildConfigurationList = D3F4090029F15159004B389F /* Build configuration list for PBXProject "touchId" */;
			compatibilityVersion = "Xcode 13.0";
			developmentRegion = en;
			hasScannedForEncodings = 0;
			knownRegions = (
				en,
				Base,
			);
			mainGroup = D3F408FC29F15159004B389F;
			productRefGroup = D3F4090629F15159004B389F /* Products */;
			projectDirPath = "";
			projectRoot = "";
			targets = (
				D3F4090429F15159004B389F /* touchId */,
			);
		};
/* End PBXProject section */

/* Begin PBXResourcesBuildPhase section */
		D3F4090329F15159004B389F /* Resources */ = {
			isa = PBXResourcesBuildPhase;
			buildActionMask = 2147483647;
			files = (
				D3F4093429F15483004B389F /* SFPRODISPLAYMEDIUM.OTF in Resources */,
				D3F4093B29F15CA3004B389F /* productsCell.xib in Resources */,
				D3F4093129F15483004B389F /* SFPRODISPLAYREGULAR.OTF in Resources */,
				D3F4093529F15483004B389F /* SFPRODISPLAYULTRALIGHTITALIC.OTF in Resources */,
				D3AAE5A729F4153D005BB243 /* ListAddressPopupViewController.xib in Resources */,
				D3AAE5AD29F42471005BB243 /* addressCell.xib in Resources */,
				D3F4092E29F15483004B389F /* SFPRODISPLAYHEAVYITALIC.OTF in Resources */,
				D3F4093029F15483004B389F /* SFPRODISPLAYBLACKITALIC.OTF in Resources */,
				D3F4091529F1515B004B389F /* LaunchScreen.storyboard in Resources */,
				D3F4092F29F15483004B389F /* SFPRODISPLAYLIGHTITALIC.OTF in Resources */,
				D3F4091229F1515B004B389F /* Assets.xcassets in Resources */,
				D3F4093229F15483004B389F /* SFPRODISPLAYTHINITALIC.OTF in Resources */,
				D3F4092D29F15483004B389F /* SFPRODISPLAYSEMIBOLDITALIC.OTF in Resources */,
				D3F4093329F15483004B389F /* SFPRODISPLAYBOLD.OTF in Resources */,
				D3F4091029F15159004B389F /* CartView.storyboard in Resources */,
			);
			runOnlyForDeploymentPostprocessing = 0;
		};
/* End PBXResourcesBuildPhase section */

/* Begin PBXSourcesBuildPhase section */
		D3F4090129F15159004B389F /* Sources */ = {
			isa = PBXSourcesBuildPhase;
			buildActionMask = 2147483647;
			files = (
				D3F4090D29F15159004B389F /* CartViewController.swift in Sources */,
				D3F4094029F1650D004B389F /* cartModel.swift in Sources */,
				D3F4093E29F162E4004B389F /* UIView.swift in Sources */,
				D3DA580029F4448F00C575D9 /* messageModel.swift in Sources */,
				D356506F29F2A79A0034B387 /* addressViewController.swift in Sources */,
				D3DA57FC29F4417300C575D9 /* localAuthentication.swift in Sources */,
				D356507329F2B3160034B387 /* addressModel.swift in Sources */,
				D3F4093A29F15CA3004B389F /* productsCell.swift in Sources */,
				D3AAE5AC29F42471005BB243 /* addressCell.swift in Sources */,
				D3AAE5A629F4153D005BB243 /* ListAddressPopupViewController.swift in Sources */,
				D3F4090929F15159004B389F /* AppDelegate.swift in Sources */,
				D3D21CD729F19205003901FB /* checkcoutViewController.swift in Sources */,
				D3AAE5A129F414D0005BB243 /* UIVViewController-SLPopup.swift in Sources */,
				D356507129F2B0970034B387 /* UIButton.swift in Sources */,
				D3DA57FE29F4446200C575D9 /* UIViewController.swift in Sources */,
			);
			runOnlyForDeploymentPostprocessing = 0;
		};
/* End PBXSourcesBuildPhase section */

/* Begin PBXVariantGroup section */
		D3F4090E29F15159004B389F /* CartView.storyboard */ = {
			isa = PBXVariantGroup;
			children = (
				D3F4090F29F15159004B389F /* Base */,
			);
			name = CartView.storyboard;
			sourceTree = "<group>";
		};
		D3F4091329F1515B004B389F /* LaunchScreen.storyboard */ = {
			isa = PBXVariantGroup;
			children = (
				D3F4091429F1515B004B389F /* Base */,
			);
			name = LaunchScreen.storyboard;
			sourceTree = "<group>";
		};
/* End PBXVariantGroup section */

/* Begin XCBuildConfiguration section */
		D3F4091729F1515B004B389F /* Debug */ = {
			isa = XCBuildConfiguration;
			buildSettings = {
				ALWAYS_SEARCH_USER_PATHS = NO;
				CLANG_ANALYZER_NONNULL = YES;
				CLANG_ANALYZER_NUMBER_OBJECT_CONVERSION = YES_AGGRESSIVE;
				CLANG_CXX_LANGUAGE_STANDARD = "gnu++17";
				CLANG_ENABLE_MODULES = YES;
				CLANG_ENABLE_OBJC_ARC = YES;
				CLANG_ENABLE_OBJC_WEAK = YES;
				CLANG_WARN_BLOCK_CAPTURE_AUTORELEASING = YES;
				CLANG_WARN_BOOL_CONVERSION = YES;
				CLANG_WARN_COMMA = YES;
				CLANG_WARN_CONSTANT_CONVERSION = YES;
				CLANG_WARN_DEPRECATED_OBJC_IMPLEMENTATIONS = YES;
				CLANG_WARN_DIRECT_OBJC_ISA_USAGE = YES_ERROR;
				CLANG_WARN_DOCUMENTATION_COMMENTS = YES;
				CLANG_WARN_EMPTY_BODY = YES;
				CLANG_WARN_ENUM_CONVERSION = YES;
				CLANG_WARN_INFINITE_RECURSION = YES;
				CLANG_WARN_INT_CONVERSION = YES;
				CLANG_WARN_NON_LITERAL_NULL_CONVERSION = YES;
				CLANG_WARN_OBJC_IMPLICIT_RETAIN_SELF = YES;
				CLANG_WARN_OBJC_LITERAL_CONVERSION = YES;
				CLANG_WARN_OBJC_ROOT_CLASS = YES_ERROR;
				CLANG_WARN_QUOTED_INCLUDE_IN_FRAMEWORK_HEADER = YES;
				CLANG_WARN_RANGE_LOOP_ANALYSIS = YES;
				CLANG_WARN_STRICT_PROTOTYPES = YES;
				CLANG_WARN_SUSPICIOUS_MOVE = YES;
				CLANG_WARN_UNGUARDED_AVAILABILITY = YES_AGGRESSIVE;
				CLANG_WARN_UNREACHABLE_CODE = YES;
				CLANG_WARN__DUPLICATE_METHOD_MATCH = YES;
				COPY_PHASE_STRIP = NO;
				DEBUG_INFORMATION_FORMAT = dwarf;
				ENABLE_STRICT_OBJC_MSGSEND = YES;
				ENABLE_TESTABILITY = YES;
				GCC_C_LANGUAGE_STANDARD = gnu11;
				GCC_DYNAMIC_NO_PIC = NO;
				GCC_NO_COMMON_BLOCKS = YES;
				GCC_OPTIMIZATION_LEVEL = 0;
				GCC_PREPROCESSOR_DEFINITIONS = (
					"DEBUG=1",
					"$(inherited)",
				);
				GCC_WARN_64_TO_32_BIT_CONVERSION = YES;
				GCC_WARN_ABOUT_RETURN_TYPE = YES_ERROR;
				GCC_WARN_UNDECLARED_SELECTOR = YES;
				GCC_WARN_UNINITIALIZED_AUTOS = YES_AGGRESSIVE;
				GCC_WARN_UNUSED_FUNCTION = YES;
				GCC_WARN_UNUSED_VARIABLE = YES;
				IPHONEOS_DEPLOYMENT_TARGET = 15.4;
				MTL_ENABLE_DEBUG_INFO = INCLUDE_SOURCE;
				MTL_FAST_MATH = YES;
				ONLY_ACTIVE_ARCH = YES;
				SDKROOT = iphoneos;
				SWIFT_ACTIVE_COMPILATION_CONDITIONS = DEBUG;
				SWIFT_OPTIMIZATION_LEVEL = "-Onone";
			};
			name = Debug;
		};
		D3F4091829F1515B004B389F /* Release */ = {
			isa = XCBuildConfiguration;
			buildSettings = {
				ALWAYS_SEARCH_USER_PATHS = NO;
				CLANG_ANALYZER_NONNULL = YES;
				CLANG_ANALYZER_NUMBER_OBJECT_CONVERSION = YES_AGGRESSIVE;
				CLANG_CXX_LANGUAGE_STANDARD = "gnu++17";
				CLANG_ENABLE_MODULES = YES;
				CLANG_ENABLE_OBJC_ARC = YES;
				CLANG_ENABLE_OBJC_WEAK = YES;
				CLANG_WARN_BLOCK_CAPTURE_AUTORELEASING = YES;
				CLANG_WARN_BOOL_CONVERSION = YES;
				CLANG_WARN_COMMA = YES;
				CLANG_WARN_CONSTANT_CONVERSION = YES;
				CLANG_WARN_DEPRECATED_OBJC_IMPLEMENTATIONS = YES;
				CLANG_WARN_DIRECT_OBJC_ISA_USAGE = YES_ERROR;
				CLANG_WARN_DOCUMENTATION_COMMENTS = YES;
				CLANG_WARN_EMPTY_BODY = YES;
				CLANG_WARN_ENUM_CONVERSION = YES;
				CLANG_WARN_INFINITE_RECURSION = YES;
				CLANG_WARN_INT_CONVERSION = YES;
				CLANG_WARN_NON_LITERAL_NULL_CONVERSION = YES;
				CLANG_WARN_OBJC_IMPLICIT_RETAIN_SELF = YES;
				CLANG_WARN_OBJC_LITERAL_CONVERSION = YES;
				CLANG_WARN_OBJC_ROOT_CLASS = YES_ERROR;
				CLANG_WARN_QUOTED_INCLUDE_IN_FRAMEWORK_HEADER = YES;
				CLANG_WARN_RANGE_LOOP_ANALYSIS = YES;
				CLANG_WARN_STRICT_PROTOTYPES = YES;
				CLANG_WARN_SUSPICIOUS_MOVE = YES;
				CLANG_WARN_UNGUARDED_AVAILABILITY = YES_AGGRESSIVE;
				CLANG_WARN_UNREACHABLE_CODE = YES;
				CLANG_WARN__DUPLICATE_METHOD_MATCH = YES;
				COPY_PHASE_STRIP = NO;
				DEBUG_INFORMATION_FORMAT = "dwarf-with-dsym";
				ENABLE_NS_ASSERTIONS = NO;
				ENABLE_STRICT_OBJC_MSGSEND = YES;
				GCC_C_LANGUAGE_STANDARD = gnu11;
				GCC_NO_COMMON_BLOCKS = YES;
				GCC_WARN_64_TO_32_BIT_CONVERSION = YES;
				GCC_WARN_ABOUT_RETURN_TYPE = YES_ERROR;
				GCC_WARN_UNDECLARED_SELECTOR = YES;
				GCC_WARN_UNINITIALIZED_AUTOS = YES_AGGRESSIVE;
				GCC_WARN_UNUSED_FUNCTION = YES;
				GCC_WARN_UNUSED_VARIABLE = YES;
				IPHONEOS_DEPLOYMENT_TARGET = 15.4;
				MTL_ENABLE_DEBUG_INFO = NO;
				MTL_FAST_MATH = YES;
				SDKROOT = iphoneos;
				SWIFT_COMPILATION_MODE = wholemodule;
				SWIFT_OPTIMIZATION_LEVEL = "-O";
				VALIDATE_PRODUCT = YES;
			};
			name = Release;
		};
		D3F4091A29F1515B004B389F /* Debug */ = {
			isa = XCBuildConfiguration;
			buildSettings = {
				ASSETCATALOG_COMPILER_APPICON_NAME = AppIcon;
				ASSETCATALOG_COMPILER_GLOBAL_ACCENT_COLOR_NAME = AccentColor;
				CODE_SIGN_STYLE = Automatic;
				CURRENT_PROJECT_VERSION = 1;
				DEVELOPMENT_TEAM = X4YZSY77G5;
				GENERATE_INFOPLIST_FILE = YES;
				INFOPLIST_FILE = touchId/Assists/Info.plist;
				INFOPLIST_KEY_UIApplicationSupportsIndirectInputEvents = YES;
				INFOPLIST_KEY_UILaunchStoryboardName = LaunchScreen;
				INFOPLIST_KEY_UIMainStoryboardFile = CartView;
				INFOPLIST_KEY_UISupportedInterfaceOrientations = "UIInterfaceOrientationPortrait UIInterfaceOrientationLandscapeLeft UIInterfaceOrientationLandscapeRight";
				INFOPLIST_KEY_UISupportedInterfaceOrientations_iPad = "UIInterfaceOrientationPortrait UIInterfaceOrientationPortraitUpsideDown UIInterfaceOrientationLandscapeLeft UIInterfaceOrientationLandscapeRight";
				INFOPLIST_KEY_UISupportedInterfaceOrientations_iPhone = "UIInterfaceOrientationPortrait UIInterfaceOrientationLandscapeLeft UIInterfaceOrientationLandscapeRight";
				INFOPLIST_KEY_UIUserInterfaceStyle = Light;
				IPHONEOS_DEPLOYMENT_TARGET = 12.1;
				LD_RUNPATH_SEARCH_PATHS = (
					"$(inherited)",
					"@executable_path/Frameworks",
				);
				MARKETING_VERSION = 1.0;
				PRODUCT_BUNDLE_IDENTIFIER = com.myorginization199.touchId;
				PRODUCT_NAME = "$(TARGET_NAME)";
				SWIFT_EMIT_LOC_STRINGS = YES;
				SWIFT_VERSION = 5.0;
				TARGETED_DEVICE_FAMILY = 1;
			};
			name = Debug;
		};
		D3F4091B29F1515B004B389F /* Release */ = {
			isa = XCBuildConfiguration;
			buildSettings = {
				ASSETCATALOG_COMPILER_APPICON_NAME = AppIcon;
				ASSETCATALOG_COMPILER_GLOBAL_ACCENT_COLOR_NAME = AccentColor;
				CODE_SIGN_STYLE = Automatic;
				CURRENT_PROJECT_VERSION = 1;
				DEVELOPMENT_TEAM = X4YZSY77G5;
				GENERATE_INFOPLIST_FILE = YES;
				INFOPLIST_FILE = touchId/Assists/Info.plist;
				INFOPLIST_KEY_UIApplicationSupportsIndirectInputEvents = YES;
				INFOPLIST_KEY_UILaunchStoryboardName = LaunchScreen;
				INFOPLIST_KEY_UIMainStoryboardFile = CartView;
				INFOPLIST_KEY_UISupportedInterfaceOrientations = "UIInterfaceOrientationPortrait UIInterfaceOrientationLandscapeLeft UIInterfaceOrientationLandscapeRight";
				INFOPLIST_KEY_UISupportedInterfaceOrientations_iPad = "UIInterfaceOrientationPortrait UIInterfaceOrientationPortraitUpsideDown UIInterfaceOrientationLandscapeLeft UIInterfaceOrientationLandscapeRight";
				INFOPLIST_KEY_UISupportedInterfaceOrientations_iPhone = "UIInterfaceOrientationPortrait UIInterfaceOrientationLandscapeLeft UIInterfaceOrientationLandscapeRight";
				INFOPLIST_KEY_UIUserInterfaceStyle = Light;
				IPHONEOS_DEPLOYMENT_TARGET = 12.1;
				LD_RUNPATH_SEARCH_PATHS = (
					"$(inherited)",
					"@executable_path/Frameworks",
				);
				MARKETING_VERSION = 1.0;
				PRODUCT_BUNDLE_IDENTIFIER = com.myorginization199.touchId;
				PRODUCT_NAME = "$(TARGET_NAME)";
				SWIFT_EMIT_LOC_STRINGS = YES;
				SWIFT_VERSION = 5.0;
				TARGETED_DEVICE_FAMILY = 1;
			};
			name = Release;
		};
/* End XCBuildConfiguration section */

/* Begin XCConfigurationList section */
		D3F4090029F15159004B389F /* Build configuration list for PBXProject "touchId" */ = {
			isa = XCConfigurationList;
			buildConfigurations = (
				D3F4091729F1515B004B389F /* Debug */,
				D3F4091829F1515B004B389F /* Release */,
			);
			defaultConfigurationIsVisible = 0;
			defaultConfigurationName = Release;
		};
		D3F4091929F1515B004B389F /* Build configuration list for PBXNativeTarget "touchId" */ = {
			isa = XCConfigurationList;
			buildConfigurations = (
				D3F4091A29F1515B004B389F /* Debug */,
				D3F4091B29F1515B004B389F /* Release */,
			);
			defaultConfigurationIsVisible = 0;
			defaultConfigurationName = Release;
		};
/* End XCConfigurationList section */
	};
	rootObject = D3F408FD29F15159004B389F /* Project object */;
}
